
Microsoft Visual Studio Solution File, Format Version 12.00
# Visual Studio Version 16
VisualStudioVersion = 16.0.29926.136
MinimumVisualStudioVersion = 10.0.40219.1
Project("{9A19103F-16F7-4668-BE54-9A1E7A4F7556}") = "WorldCities", "WorldCities.csproj", "{D6527D92-0447-4CF5-9540-F433EAF7AD14}"
EndProject
Global
	GlobalSection(SolutionConfigurationPlatforms) = preSolution
		Debug|Any CPU = Debug|Any CPU
		Release|Any CPU = Release|Any CPU
	EndGlobalSection
	GlobalSection(ProjectConfigurationPlatforms) = postSolution
		{D6527D92-0447-4CF5-9540-F433EAF7AD14}.Debug|Any CPU.ActiveCfg = Debug|Any CPU
		{D6527D92-0447-4CF5-9540-F433EAF7AD14}.Debug|Any CPU.Build.0 = Debug|Any CPU
		{D6527D92-0447-4CF5-9540-F433EAF7AD14}.Release|Any CPU.ActiveCfg = Release|Any CPU
		{D6527D92-0447-4CF5-9540-F433EAF7AD14}.Release|Any CPU.Build.0 = Release|Any CPU
	EndGlobalSection
	GlobalSection(SolutionProperties) = preSolution
		HideSolutionNode = FALSE
	EndGlobalSection
	GlobalSection(ExtensibilityGlobals) = postSolution
		SolutionGuid = {4DFD8C32-D75F-4E41-B8D5-CDDF23B9B955}
	EndGlobalSection
EndGlobal
